{
    "_readme": [
        "This file locks the dependencies of your project to a known state",
        "Read more about it at https://getcomposer.org/doc/01-basic-usage.md#installing-dependencies",
        "This file is @generated automatically"
    ],
    "content-hash": "6c0c5dd5aa777cb1ee21b01332ff89a5",
    "packages": [
        {
            "name": "twbs/icons",
            "version": "1.4.0",
            "source": {
                "type": "git",
                "url": "https://github.com/twbs/icons",
                "reference": "main"
            },
            "type": "library"
        }
    ],
    "packages-dev": [],
    "aliases": [],
    "minimum-stability": "stable",
    "stability-flags": [],
    "prefer-stable": false,
    "prefer-lowest": false,
    "platform": [],
    "platform-dev": []
}
